
Microsoft Visual Studio Solution File, Format Version 12.00
# Visual Studio Version 16
VisualStudioVersion = 16.0.31025.109
MinimumVisualStudioVersion = 10.0.40219.1
Project("{8BC9CEB8-8B4A-11D0-8D11-00A0C91BC942}") = "nnf_desktop_example", "nnf_desktop_example\nnf_desktop_example.vcxproj", "{9E8C851A-9066-42A5-B160-F279A099A6C7}"
EndProject
Project("{8BC9CEB8-8B4A-11D0-8D11-00A0C91BC942}") = "nnfusion_rt", "runtime\runtime.vcxproj", "{6FCA8D82-F478-46DA-B473-E3A8DEC9B312}"
EndProject
Global
	GlobalSection(SolutionConfigurationPlatforms) = preSolution
		Debug|x64 = Debug|x64
		Debug|x86 = Debug|x86
		Release|x64 = Release|x64
		Release|x86 = Release|x86
	EndGlobalSection
	GlobalSection(ProjectConfigurationPlatforms) = postSolution
		{9E8C851A-9066-42A5-B160-F279A099A6C7}.Debug|x64.ActiveCfg = Debug|x64
		{9E8C851A-9066-42A5-B160-F279A099A6C7}.Debug|x64.Build.0 = Debug|x64
		{9E8C851A-9066-42A5-B160-F279A099A6C7}.Debug|x86.ActiveCfg = Debug|Win32
		{9E8C851A-9066-42A5-B160-F279A099A6C7}.Debug|x86.Build.0 = Debug|Win32
		{9E8C851A-9066-42A5-B160-F279A099A6C7}.Release|x64.ActiveCfg = Release|x64
		{9E8C851A-9066-42A5-B160-F279A099A6C7}.Release|x64.Build.0 = Release|x64
		{9E8C851A-9066-42A5-B160-F279A099A6C7}.Release|x86.ActiveCfg = Release|Win32
		{9E8C851A-9066-42A5-B160-F279A099A6C7}.Release|x86.Build.0 = Release|Win32
		{6FCA8D82-F478-46DA-B473-E3A8DEC9B312}.Debug|x64.ActiveCfg = Debug|x64
		{6FCA8D82-F478-46DA-B473-E3A8DEC9B312}.Debug|x64.Build.0 = Debug|x64
		{6FCA8D82-F478-46DA-B473-E3A8DEC9B312}.Debug|x86.ActiveCfg = Debug|Win32
		{6FCA8D82-F478-46DA-B473-E3A8DEC9B312}.Debug|x86.Build.0 = Debug|Win32
		{6FCA8D82-F478-46DA-B473-E3A8DEC9B312}.Release|x64.ActiveCfg = Release|x64
		{6FCA8D82-F478-46DA-B473-E3A8DEC9B312}.Release|x64.Build.0 = Release|x64
		{6FCA8D82-F478-46DA-B473-E3A8DEC9B312}.Release|x86.ActiveCfg = Release|Win32
		{6FCA8D82-F478-46DA-B473-E3A8DEC9B312}.Release|x86.Build.0 = Release|Win32
	EndGlobalSection
	GlobalSection(SolutionProperties) = preSolution
		HideSolutionNode = FALSE
	EndGlobalSection
	GlobalSection(ExtensibilityGlobals) = postSolution
		SolutionGuid = {81261CD1-BBB3-4BDC-8ABD-6CC32B750E76}
	EndGlobalSection
EndGlobal
