
Microsoft Visual Studio Solution File, Format Version 12.00
# Visual Studio Version 16
VisualStudioVersion = 16.0.31025.109
MinimumVisualStudioVersion = 10.0.40219.1
Project("{8BC9CEB8-8B4A-11D0-8D11-00A0C91BC942}") = "nnf_xbox_example", "nnf_xbox_example\nnf_xbox_example.vcxproj", "{5054F7A7-E4B3-4AEC-AF86-9BEB27FCAAAC}"
EndProject
Project("{8BC9CEB8-8B4A-11D0-8D11-00A0C91BC942}") = "runtime", "runtime\runtime.vcxproj", "{76E5C805-8662-4A30-AF0A-21518FEEED41}"
EndProject
Global
	GlobalSection(SolutionConfigurationPlatforms) = preSolution
		Debug|Gaming.Xbox.Scarlett.x64 = Debug|Gaming.Xbox.Scarlett.x64
		Debug|Gaming.Xbox.XboxOne.x64 = Debug|Gaming.Xbox.XboxOne.x64
		Profile|Gaming.Xbox.Scarlett.x64 = Profile|Gaming.Xbox.Scarlett.x64
		Profile|Gaming.Xbox.XboxOne.x64 = Profile|Gaming.Xbox.XboxOne.x64
		Release|Gaming.Xbox.Scarlett.x64 = Release|Gaming.Xbox.Scarlett.x64
		Release|Gaming.Xbox.XboxOne.x64 = Release|Gaming.Xbox.XboxOne.x64
	EndGlobalSection
	GlobalSection(ProjectConfigurationPlatforms) = postSolution
		{5054F7A7-E4B3-4AEC-AF86-9BEB27FCAAAC}.Debug|Gaming.Xbox.Scarlett.x64.ActiveCfg = Debug|Gaming.Xbox.Scarlett.x64
		{5054F7A7-E4B3-4AEC-AF86-9BEB27FCAAAC}.Debug|Gaming.Xbox.Scarlett.x64.Build.0 = Debug|Gaming.Xbox.Scarlett.x64
		{5054F7A7-E4B3-4AEC-AF86-9BEB27FCAAAC}.Debug|Gaming.Xbox.Scarlett.x64.Deploy.0 = Debug|Gaming.Xbox.Scarlett.x64
		{5054F7A7-E4B3-4AEC-AF86-9BEB27FCAAAC}.Debug|Gaming.Xbox.XboxOne.x64.ActiveCfg = Debug|Gaming.Xbox.XboxOne.x64
		{5054F7A7-E4B3-4AEC-AF86-9BEB27FCAAAC}.Debug|Gaming.Xbox.XboxOne.x64.Build.0 = Debug|Gaming.Xbox.XboxOne.x64
		{5054F7A7-E4B3-4AEC-AF86-9BEB27FCAAAC}.Debug|Gaming.Xbox.XboxOne.x64.Deploy.0 = Debug|Gaming.Xbox.XboxOne.x64
		{5054F7A7-E4B3-4AEC-AF86-9BEB27FCAAAC}.Profile|Gaming.Xbox.Scarlett.x64.ActiveCfg = Profile|Gaming.Xbox.Scarlett.x64
		{5054F7A7-E4B3-4AEC-AF86-9BEB27FCAAAC}.Profile|Gaming.Xbox.Scarlett.x64.Build.0 = Profile|Gaming.Xbox.Scarlett.x64
		{5054F7A7-E4B3-4AEC-AF86-9BEB27FCAAAC}.Profile|Gaming.Xbox.Scarlett.x64.Deploy.0 = Profile|Gaming.Xbox.Scarlett.x64
		{5054F7A7-E4B3-4AEC-AF86-9BEB27FCAAAC}.Profile|Gaming.Xbox.XboxOne.x64.ActiveCfg = Profile|Gaming.Xbox.XboxOne.x64
		{5054F7A7-E4B3-4AEC-AF86-9BEB27FCAAAC}.Profile|Gaming.Xbox.XboxOne.x64.Build.0 = Profile|Gaming.Xbox.XboxOne.x64
		{5054F7A7-E4B3-4AEC-AF86-9BEB27FCAAAC}.Profile|Gaming.Xbox.XboxOne.x64.Deploy.0 = Profile|Gaming.Xbox.XboxOne.x64
		{5054F7A7-E4B3-4AEC-AF86-9BEB27FCAAAC}.Release|Gaming.Xbox.Scarlett.x64.ActiveCfg = Release|Gaming.Xbox.Scarlett.x64
		{5054F7A7-E4B3-4AEC-AF86-9BEB27FCAAAC}.Release|Gaming.Xbox.Scarlett.x64.Build.0 = Release|Gaming.Xbox.Scarlett.x64
		{5054F7A7-E4B3-4AEC-AF86-9BEB27FCAAAC}.Release|Gaming.Xbox.Scarlett.x64.Deploy.0 = Release|Gaming.Xbox.Scarlett.x64
		{5054F7A7-E4B3-4AEC-AF86-9BEB27FCAAAC}.Release|Gaming.Xbox.XboxOne.x64.ActiveCfg = Release|Gaming.Xbox.XboxOne.x64
		{5054F7A7-E4B3-4AEC-AF86-9BEB27FCAAAC}.Release|Gaming.Xbox.XboxOne.x64.Build.0 = Release|Gaming.Xbox.XboxOne.x64
		{5054F7A7-E4B3-4AEC-AF86-9BEB27FCAAAC}.Release|Gaming.Xbox.XboxOne.x64.Deploy.0 = Release|Gaming.Xbox.XboxOne.x64
		{76E5C805-8662-4A30-AF0A-21518FEEED41}.Debug|Gaming.Xbox.Scarlett.x64.ActiveCfg = Debug|Gaming.Xbox.Scarlett.x64
		{76E5C805-8662-4A30-AF0A-21518FEEED41}.Debug|Gaming.Xbox.Scarlett.x64.Build.0 = Debug|Gaming.Xbox.Scarlett.x64
		{76E5C805-8662-4A30-AF0A-21518FEEED41}.Debug|Gaming.Xbox.XboxOne.x64.ActiveCfg = Debug|Gaming.Xbox.XboxOne.x64
		{76E5C805-8662-4A30-AF0A-21518FEEED41}.Debug|Gaming.Xbox.XboxOne.x64.Build.0 = Debug|Gaming.Xbox.XboxOne.x64
		{76E5C805-8662-4A30-AF0A-21518FEEED41}.Profile|Gaming.Xbox.Scarlett.x64.ActiveCfg = Profile|Gaming.Xbox.Scarlett.x64
		{76E5C805-8662-4A30-AF0A-21518FEEED41}.Profile|Gaming.Xbox.Scarlett.x64.Build.0 = Profile|Gaming.Xbox.Scarlett.x64
		{76E5C805-8662-4A30-AF0A-21518FEEED41}.Profile|Gaming.Xbox.XboxOne.x64.ActiveCfg = Profile|Gaming.Xbox.XboxOne.x64
		{76E5C805-8662-4A30-AF0A-21518FEEED41}.Profile|Gaming.Xbox.XboxOne.x64.Build.0 = Profile|Gaming.Xbox.XboxOne.x64
		{76E5C805-8662-4A30-AF0A-21518FEEED41}.Release|Gaming.Xbox.Scarlett.x64.ActiveCfg = Release|Gaming.Xbox.Scarlett.x64
		{76E5C805-8662-4A30-AF0A-21518FEEED41}.Release|Gaming.Xbox.Scarlett.x64.Build.0 = Release|Gaming.Xbox.Scarlett.x64
		{76E5C805-8662-4A30-AF0A-21518FEEED41}.Release|Gaming.Xbox.XboxOne.x64.ActiveCfg = Release|Gaming.Xbox.XboxOne.x64
		{76E5C805-8662-4A30-AF0A-21518FEEED41}.Release|Gaming.Xbox.XboxOne.x64.Build.0 = Release|Gaming.Xbox.XboxOne.x64
	EndGlobalSection
	GlobalSection(SolutionProperties) = preSolution
		HideSolutionNode = FALSE
	EndGlobalSection
	GlobalSection(ExtensibilityGlobals) = postSolution
		SolutionGuid = {321D4D7B-4FF8-41C2-9189-40F89AB4B437}
	EndGlobalSection
EndGlobal
